
Microsoft Visual Studio Solution File, Format Version 12.00
# Visual Studio Version 17
VisualStudioVersion = 17.5.33424.131
MinimumVisualStudioVersion = 10.0.40219.1
Project("{9A19103F-16F7-4668-BE54-9A1E7A4F7556}") = "GMC.API", "GMC.API.csproj", "{129B352F-5DAC-48A5-8ADF-62378C49ADEA}"
EndProject
Project("{9A19103F-16F7-4668-BE54-9A1E7A4F7556}") = "GMC.Core", "..\GMC.Core\GMC.Core.csproj", "{F9BDECC3-47C7-4D6D-90EA-2E22DE806CCE}"
EndProject
Project("{9A19103F-16F7-4668-BE54-9A1E7A4F7556}") = "GMC.Data", "..\GMC.Data\GMC.Data.csproj", "{30E56E03-3352-4953-8874-6A778C93D40E}"
EndProject
Project("{9A19103F-16F7-4668-BE54-9A1E7A4F7556}") = "GMC.Service", "..\GMC.Service\GMC.Service.csproj", "{0BBA5701-D4C3-46A3-8B32-1B5E234BECDF}"
EndProject
Project("{FAE04EC0-301F-11D3-BF4B-00C04F79EFBC}") = "EmailReportService", "..\EmailReportService\EmailReportService.csproj", "{6DEE4175-4BE8-4151-B737-8BC455E2F6EA}"
EndProject
Global
	GlobalSection(SolutionConfigurationPlatforms) = preSolution
		Debug|Any CPU = Debug|Any CPU
		Release|Any CPU = Release|Any CPU
	EndGlobalSection
	GlobalSection(ProjectConfigurationPlatforms) = postSolution
		{129B352F-5DAC-48A5-8ADF-62378C49ADEA}.Debug|Any CPU.ActiveCfg = Debug|Any CPU
		{129B352F-5DAC-48A5-8ADF-62378C49ADEA}.Debug|Any CPU.Build.0 = Debug|Any CPU
		{129B352F-5DAC-48A5-8ADF-62378C49ADEA}.Release|Any CPU.ActiveCfg = Release|Any CPU
		{129B352F-5DAC-48A5-8ADF-62378C49ADEA}.Release|Any CPU.Build.0 = Release|Any CPU
		{F9BDECC3-47C7-4D6D-90EA-2E22DE806CCE}.Debug|Any CPU.ActiveCfg = Debug|Any CPU
		{F9BDECC3-47C7-4D6D-90EA-2E22DE806CCE}.Debug|Any CPU.Build.0 = Debug|Any CPU
		{F9BDECC3-47C7-4D6D-90EA-2E22DE806CCE}.Release|Any CPU.ActiveCfg = Release|Any CPU
		{F9BDECC3-47C7-4D6D-90EA-2E22DE806CCE}.Release|Any CPU.Build.0 = Release|Any CPU
		{30E56E03-3352-4953-8874-6A778C93D40E}.Debug|Any CPU.ActiveCfg = Debug|Any CPU
		{30E56E03-3352-4953-8874-6A778C93D40E}.Debug|Any CPU.Build.0 = Debug|Any CPU
		{30E56E03-3352-4953-8874-6A778C93D40E}.Release|Any CPU.ActiveCfg = Release|Any CPU
		{30E56E03-3352-4953-8874-6A778C93D40E}.Release|Any CPU.Build.0 = Release|Any CPU
		{0BBA5701-D4C3-46A3-8B32-1B5E234BECDF}.Debug|Any CPU.ActiveCfg = Debug|Any CPU
		{0BBA5701-D4C3-46A3-8B32-1B5E234BECDF}.Debug|Any CPU.Build.0 = Debug|Any CPU
		{0BBA5701-D4C3-46A3-8B32-1B5E234BECDF}.Release|Any CPU.ActiveCfg = Release|Any CPU
		{0BBA5701-D4C3-46A3-8B32-1B5E234BECDF}.Release|Any CPU.Build.0 = Release|Any CPU
		{6DEE4175-4BE8-4151-B737-8BC455E2F6EA}.Debug|Any CPU.ActiveCfg = Debug|Any CPU
		{6DEE4175-4BE8-4151-B737-8BC455E2F6EA}.Debug|Any CPU.Build.0 = Debug|Any CPU
		{6DEE4175-4BE8-4151-B737-8BC455E2F6EA}.Release|Any CPU.ActiveCfg = Release|Any CPU
		{6DEE4175-4BE8-4151-B737-8BC455E2F6EA}.Release|Any CPU.Build.0 = Release|Any CPU
	EndGlobalSection
	GlobalSection(SolutionProperties) = preSolution
		HideSolutionNode = FALSE
	EndGlobalSection
	GlobalSection(ExtensibilityGlobals) = postSolution
		SolutionGuid = {2916FE5A-636B-4650-8204-D4A9029C61E6}
	EndGlobalSection
EndGlobal
